
Microsoft Visual Studio Solution File, Format Version 12.00
# Visual Studio Version 17
VisualStudioVersion = 17.10.35122.118
MinimumVisualStudioVersion = 10.0.40219.1
Project("{FAE04EC0-301F-11D3-BF4B-00C04F79EFBC}") = "CW19_MVC", "CW19\CW19_MVC.csproj", "{C88201EC-7192-440D-BD78-8CC259B89AD4}"
EndProject
Project("{2150E333-8FDC-42A3-9474-1A3956D46DE8}") = "3-EndPoint", "3-EndPoint", "{ACDF1E73-FF07-4252-B784-97A3622B17DA}"
EndProject
Project("{2150E333-8FDC-42A3-9474-1A3956D46DE8}") = "1-Domain", "1-Domain", "{FFDBE777-39FF-49FE-A45A-A847C18A1CF1}"
EndProject
Project("{2150E333-8FDC-42A3-9474-1A3956D46DE8}") = "2-Infrastructure", "2-Infrastructure", "{6AAEE05F-DD27-4185-8D2F-F8447F2E2DA5}"
EndProject
Project("{2150E333-8FDC-42A3-9474-1A3956D46DE8}") = "Core", "Core", "{91DC3F03-757D-4FB1-BB21-94CDD9099370}"
EndProject
Project("{2150E333-8FDC-42A3-9474-1A3956D46DE8}") = "Service", "Service", "{F7DD6B4A-38A7-4F34-B6D1-FC33A85B7058}"
EndProject
Project("{FAE04EC0-301F-11D3-BF4B-00C04F79EFBC}") = "AppDomainCore", "AppDomainCore\AppDomainCore.csproj", "{3E4D6241-AC62-477F-B8E4-F07F1DD57F80}"
EndProject
Project("{FAE04EC0-301F-11D3-BF4B-00C04F79EFBC}") = "AppDomainAppService", "AppDomainAppService\AppDomainAppService.csproj", "{BEB18E5C-50A2-43E7-B7CA-EB8497C07467}"
EndProject
Project("{FAE04EC0-301F-11D3-BF4B-00C04F79EFBC}") = "DomainService", "DomainService\DomainService.csproj", "{BB586BE5-3FD2-499E-9BA6-9749863C24A2}"
EndProject
Project("{2150E333-8FDC-42A3-9474-1A3956D46DE8}") = "DataAccess", "DataAccess", "{B75FACEA-2710-44C4-837A-74C727BC5769}"
EndProject
Project("{FAE04EC0-301F-11D3-BF4B-00C04F79EFBC}") = "AppDataRepositoryEF", "AppDataRepositoryEF\AppDataRepositoryEF.csproj", "{AFB8F553-E43F-4233-B8EF-2DE79AFB3CCA}"
EndProject
Global
	GlobalSection(SolutionConfigurationPlatforms) = preSolution
		Debug|Any CPU = Debug|Any CPU
		Release|Any CPU = Release|Any CPU
	EndGlobalSection
	GlobalSection(ProjectConfigurationPlatforms) = postSolution
		{C88201EC-7192-440D-BD78-8CC259B89AD4}.Debug|Any CPU.ActiveCfg = Debug|Any CPU
		{C88201EC-7192-440D-BD78-8CC259B89AD4}.Debug|Any CPU.Build.0 = Debug|Any CPU
		{C88201EC-7192-440D-BD78-8CC259B89AD4}.Release|Any CPU.ActiveCfg = Release|Any CPU
		{C88201EC-7192-440D-BD78-8CC259B89AD4}.Release|Any CPU.Build.0 = Release|Any CPU
		{3E4D6241-AC62-477F-B8E4-F07F1DD57F80}.Debug|Any CPU.ActiveCfg = Debug|Any CPU
		{3E4D6241-AC62-477F-B8E4-F07F1DD57F80}.Debug|Any CPU.Build.0 = Debug|Any CPU
		{3E4D6241-AC62-477F-B8E4-F07F1DD57F80}.Release|Any CPU.ActiveCfg = Release|Any CPU
		{3E4D6241-AC62-477F-B8E4-F07F1DD57F80}.Release|Any CPU.Build.0 = Release|Any CPU
		{BEB18E5C-50A2-43E7-B7CA-EB8497C07467}.Debug|Any CPU.ActiveCfg = Debug|Any CPU
		{BEB18E5C-50A2-43E7-B7CA-EB8497C07467}.Debug|Any CPU.Build.0 = Debug|Any CPU
		{BEB18E5C-50A2-43E7-B7CA-EB8497C07467}.Release|Any CPU.ActiveCfg = Release|Any CPU
		{BEB18E5C-50A2-43E7-B7CA-EB8497C07467}.Release|Any CPU.Build.0 = Release|Any CPU
		{BB586BE5-3FD2-499E-9BA6-9749863C24A2}.Debug|Any CPU.ActiveCfg = Debug|Any CPU
		{BB586BE5-3FD2-499E-9BA6-9749863C24A2}.Debug|Any CPU.Build.0 = Debug|Any CPU
		{BB586BE5-3FD2-499E-9BA6-9749863C24A2}.Release|Any CPU.ActiveCfg = Release|Any CPU
		{BB586BE5-3FD2-499E-9BA6-9749863C24A2}.Release|Any CPU.Build.0 = Release|Any CPU
		{AFB8F553-E43F-4233-B8EF-2DE79AFB3CCA}.Debug|Any CPU.ActiveCfg = Debug|Any CPU
		{AFB8F553-E43F-4233-B8EF-2DE79AFB3CCA}.Debug|Any CPU.Build.0 = Debug|Any CPU
		{AFB8F553-E43F-4233-B8EF-2DE79AFB3CCA}.Release|Any CPU.ActiveCfg = Release|Any CPU
		{AFB8F553-E43F-4233-B8EF-2DE79AFB3CCA}.Release|Any CPU.Build.0 = Release|Any CPU
	EndGlobalSection
	GlobalSection(SolutionProperties) = preSolution
		HideSolutionNode = FALSE
	EndGlobalSection
	GlobalSection(NestedProjects) = preSolution
		{C88201EC-7192-440D-BD78-8CC259B89AD4} = {ACDF1E73-FF07-4252-B784-97A3622B17DA}
		{91DC3F03-757D-4FB1-BB21-94CDD9099370} = {FFDBE777-39FF-49FE-A45A-A847C18A1CF1}
		{F7DD6B4A-38A7-4F34-B6D1-FC33A85B7058} = {FFDBE777-39FF-49FE-A45A-A847C18A1CF1}
		{3E4D6241-AC62-477F-B8E4-F07F1DD57F80} = {91DC3F03-757D-4FB1-BB21-94CDD9099370}
		{BEB18E5C-50A2-43E7-B7CA-EB8497C07467} = {F7DD6B4A-38A7-4F34-B6D1-FC33A85B7058}
		{BB586BE5-3FD2-499E-9BA6-9749863C24A2} = {F7DD6B4A-38A7-4F34-B6D1-FC33A85B7058}
		{B75FACEA-2710-44C4-837A-74C727BC5769} = {6AAEE05F-DD27-4185-8D2F-F8447F2E2DA5}
		{AFB8F553-E43F-4233-B8EF-2DE79AFB3CCA} = {B75FACEA-2710-44C4-837A-74C727BC5769}
	EndGlobalSection
	GlobalSection(ExtensibilityGlobals) = postSolution
		SolutionGuid = {A85642DB-7BF7-4A1D-89C7-DC71AC25EDDA}
	EndGlobalSection
EndGlobal
